
Microsoft Visual Studio Solution File, Format Version 12.00
# Visual Studio Version 17
VisualStudioVersion = 17.0.32014.148
MinimumVisualStudioVersion = 10.0.40219.1
Project("{9A19103F-16F7-4668-BE54-9A1E7A4F7556}") = "openmedstack.neventstore", "src\openmedstack.neventstore\openmedstack.neventstore.csproj", "{AFB722C8-EC83-4DC5-A53E-E66B16811D57}"
EndProject
Project("{2150E333-8FDC-42A3-9474-1A3956D46DE8}") = "tests", "tests", "{1D0BF739-F744-4B0B-9162-78770E21A030}"
EndProject
Project("{9A19103F-16F7-4668-BE54-9A1E7A4F7556}") = "openmedstack.neventstore.tests", "tests\openmedstack.neventstore.tests\openmedstack.neventstore.tests.csproj", "{9319A568-60F5-4164-AFAE-6D71FCCF75CA}"
EndProject
Project("{9A19103F-16F7-4668-BE54-9A1E7A4F7556}") = "openmedstack.neventstore.persistence.acceptancetests", "tests\openmedstack.neventstore.persistence.acceptancetests\openmedstack.neventstore.persistence.acceptancetests.csproj", "{8BFE371A-285C-4711-9217-E3A122F5E60F}"
EndProject
Project("{9A19103F-16F7-4668-BE54-9A1E7A4F7556}") = "openmedstack.neventstore.persistence.firebirdsql.tests", "tests\openmedstack.neventstore.persistence.firebirdsql.tests\openmedstack.neventstore.persistence.firebirdsql.tests.csproj", "{FAB3D477-2916-43CF-B006-0D2CBECCBD24}"
EndProject
Project("{9A19103F-16F7-4668-BE54-9A1E7A4F7556}") = "openmedstack.neventstore.persistence.postgresql.tests", "tests\openmedstack.neventstore.persistence.postgresql.tests\openmedstack.neventstore.persistence.postgresql.tests.csproj", "{045829E3-4CF6-4F71-8F82-DF419074A476}"
EndProject
Project("{2150E333-8FDC-42A3-9474-1A3956D46DE8}") = "Solution Items", "Solution Items", "{EC1E5A3A-6909-435A-883C-B7E152E6688C}"
	ProjectSection(SolutionItems) = preProject
		build.ps1 = build.ps1
		build.sh = build.sh
		NuGet.config = NuGet.config
		shared.proj = shared.proj
		README.md = README.md
		artifacts\upload.sh = artifacts\upload.sh
	EndProjectSection
EndProject
Project("{9A19103F-16F7-4668-BE54-9A1E7A4F7556}") = "openmedstack.neventstore.pollingclient", "src\openmedstack.neventstore.pollingclient\openmedstack.neventstore.pollingclient.csproj", "{B0CF9EA8-D902-4101-AE13-50F6402B0EEB}"
EndProject
Project("{FAE04EC0-301F-11D3-BF4B-00C04F79EFBC}") = "openmedstack.neventstore.postgresclient", "src\openmedstack.neventstore.postgresclient\openmedstack.neventstore.postgresclient.csproj", "{941CE6AB-13B9-4E91-8E07-F6931F94F266}"
EndProject
Project("{FAE04EC0-301F-11D3-BF4B-00C04F79EFBC}") = "openmedstack.neventstore.postgresclient.tests", "tests\openmedstack.neventstore.postgresclient.tests\openmedstack.neventstore.postgresclient.tests.csproj", "{EA1A0BC6-5F44-4533-9D95-9E01EA9716C6}"
EndProject
Project("{FAE04EC0-301F-11D3-BF4B-00C04F79EFBC}") = "openmedstack.neventstore.abstractions", "src\openmedstack.neventstore.abstractions\openmedstack.neventstore.abstractions.csproj", "{F8015247-40AA-4764-9E0A-D598BEDC59BD}"
EndProject
Project("{FAE04EC0-301F-11D3-BF4B-00C04F79EFBC}") = "openmedstack.neventstore.server", "src\openmedstack.neventstore.server\openmedstack.neventstore.server.csproj", "{B42619D2-B9DC-4F77-833A-44F3CF788BCA}"
EndProject
Project("{FAE04EC0-301F-11D3-BF4B-00C04F79EFBC}") = "openmedstack.neventstore.httpclient", "src\openmedstack.neventstore.httpclient\openmedstack.neventstore.httpclient.csproj", "{7488B5B5-4896-4E1F-9C14-E4EC9CB66F4A}"
EndProject
Project("{FAE04EC0-301F-11D3-BF4B-00C04F79EFBC}") = "openmedstack.neventstore.grpcclient", "src\openmedstack.neventstore.grpcclient\openmedstack.neventstore.grpcclient.csproj", "{D74F0964-E21E-4A9C-9C13-07F0261C47AA}"
EndProject
Project("{FAE04EC0-301F-11D3-BF4B-00C04F79EFBC}") = "openmedstack.neventstore.server.client.tests", "tests\openmedstack.neventstore.server.client.tests\openmedstack.neventstore.server.client.tests.csproj", "{26060BED-67A0-4F3F-8522-8CC584818C2B}"
EndProject
Project("{FAE04EC0-301F-11D3-BF4B-00C04F79EFBC}") = "openmedstack.neventstore.persistence.inmemory.tests", "tests\openmedstack.neventstore.persistence.inmemory.tests\openmedstack.neventstore.persistence.inmemory.tests.csproj", "{97F4D898-DCF9-4234-A995-5A0F242ABACF}"
EndProject
Global
	GlobalSection(SolutionConfigurationPlatforms) = preSolution
		Debug|Any CPU = Debug|Any CPU
		Release|Any CPU = Release|Any CPU
	EndGlobalSection
	GlobalSection(ProjectConfigurationPlatforms) = postSolution
		{AFB722C8-EC83-4DC5-A53E-E66B16811D57}.Debug|Any CPU.ActiveCfg = Debug|Any CPU
		{AFB722C8-EC83-4DC5-A53E-E66B16811D57}.Debug|Any CPU.Build.0 = Debug|Any CPU
		{AFB722C8-EC83-4DC5-A53E-E66B16811D57}.Release|Any CPU.ActiveCfg = Release|Any CPU
		{AFB722C8-EC83-4DC5-A53E-E66B16811D57}.Release|Any CPU.Build.0 = Release|Any CPU
		{9319A568-60F5-4164-AFAE-6D71FCCF75CA}.Debug|Any CPU.ActiveCfg = Debug|Any CPU
		{9319A568-60F5-4164-AFAE-6D71FCCF75CA}.Debug|Any CPU.Build.0 = Debug|Any CPU
		{9319A568-60F5-4164-AFAE-6D71FCCF75CA}.Release|Any CPU.ActiveCfg = Release|Any CPU
		{9319A568-60F5-4164-AFAE-6D71FCCF75CA}.Release|Any CPU.Build.0 = Release|Any CPU
		{8BFE371A-285C-4711-9217-E3A122F5E60F}.Debug|Any CPU.ActiveCfg = Debug|Any CPU
		{8BFE371A-285C-4711-9217-E3A122F5E60F}.Debug|Any CPU.Build.0 = Debug|Any CPU
		{8BFE371A-285C-4711-9217-E3A122F5E60F}.Release|Any CPU.ActiveCfg = Release|Any CPU
		{8BFE371A-285C-4711-9217-E3A122F5E60F}.Release|Any CPU.Build.0 = Release|Any CPU
		{FAB3D477-2916-43CF-B006-0D2CBECCBD24}.Debug|Any CPU.ActiveCfg = Debug|Any CPU
		{FAB3D477-2916-43CF-B006-0D2CBECCBD24}.Debug|Any CPU.Build.0 = Debug|Any CPU
		{FAB3D477-2916-43CF-B006-0D2CBECCBD24}.Release|Any CPU.ActiveCfg = Release|Any CPU
		{FAB3D477-2916-43CF-B006-0D2CBECCBD24}.Release|Any CPU.Build.0 = Release|Any CPU
		{045829E3-4CF6-4F71-8F82-DF419074A476}.Debug|Any CPU.ActiveCfg = Debug|Any CPU
		{045829E3-4CF6-4F71-8F82-DF419074A476}.Debug|Any CPU.Build.0 = Debug|Any CPU
		{045829E3-4CF6-4F71-8F82-DF419074A476}.Release|Any CPU.ActiveCfg = Release|Any CPU
		{045829E3-4CF6-4F71-8F82-DF419074A476}.Release|Any CPU.Build.0 = Release|Any CPU
		{B0CF9EA8-D902-4101-AE13-50F6402B0EEB}.Debug|Any CPU.ActiveCfg = Debug|Any CPU
		{B0CF9EA8-D902-4101-AE13-50F6402B0EEB}.Debug|Any CPU.Build.0 = Debug|Any CPU
		{B0CF9EA8-D902-4101-AE13-50F6402B0EEB}.Release|Any CPU.ActiveCfg = Release|Any CPU
		{B0CF9EA8-D902-4101-AE13-50F6402B0EEB}.Release|Any CPU.Build.0 = Release|Any CPU
		{941CE6AB-13B9-4E91-8E07-F6931F94F266}.Debug|Any CPU.ActiveCfg = Debug|Any CPU
		{941CE6AB-13B9-4E91-8E07-F6931F94F266}.Debug|Any CPU.Build.0 = Debug|Any CPU
		{941CE6AB-13B9-4E91-8E07-F6931F94F266}.Release|Any CPU.ActiveCfg = Release|Any CPU
		{941CE6AB-13B9-4E91-8E07-F6931F94F266}.Release|Any CPU.Build.0 = Release|Any CPU
		{EA1A0BC6-5F44-4533-9D95-9E01EA9716C6}.Debug|Any CPU.ActiveCfg = Debug|Any CPU
		{EA1A0BC6-5F44-4533-9D95-9E01EA9716C6}.Debug|Any CPU.Build.0 = Debug|Any CPU
		{EA1A0BC6-5F44-4533-9D95-9E01EA9716C6}.Release|Any CPU.ActiveCfg = Release|Any CPU
		{EA1A0BC6-5F44-4533-9D95-9E01EA9716C6}.Release|Any CPU.Build.0 = Release|Any CPU
		{F8015247-40AA-4764-9E0A-D598BEDC59BD}.Debug|Any CPU.ActiveCfg = Debug|Any CPU
		{F8015247-40AA-4764-9E0A-D598BEDC59BD}.Debug|Any CPU.Build.0 = Debug|Any CPU
		{F8015247-40AA-4764-9E0A-D598BEDC59BD}.Release|Any CPU.ActiveCfg = Release|Any CPU
		{F8015247-40AA-4764-9E0A-D598BEDC59BD}.Release|Any CPU.Build.0 = Release|Any CPU
		{B42619D2-B9DC-4F77-833A-44F3CF788BCA}.Debug|Any CPU.ActiveCfg = Debug|Any CPU
		{B42619D2-B9DC-4F77-833A-44F3CF788BCA}.Debug|Any CPU.Build.0 = Debug|Any CPU
		{B42619D2-B9DC-4F77-833A-44F3CF788BCA}.Release|Any CPU.ActiveCfg = Release|Any CPU
		{B42619D2-B9DC-4F77-833A-44F3CF788BCA}.Release|Any CPU.Build.0 = Release|Any CPU
		{7488B5B5-4896-4E1F-9C14-E4EC9CB66F4A}.Debug|Any CPU.ActiveCfg = Debug|Any CPU
		{7488B5B5-4896-4E1F-9C14-E4EC9CB66F4A}.Debug|Any CPU.Build.0 = Debug|Any CPU
		{7488B5B5-4896-4E1F-9C14-E4EC9CB66F4A}.Release|Any CPU.ActiveCfg = Release|Any CPU
		{7488B5B5-4896-4E1F-9C14-E4EC9CB66F4A}.Release|Any CPU.Build.0 = Release|Any CPU
		{D74F0964-E21E-4A9C-9C13-07F0261C47AA}.Debug|Any CPU.ActiveCfg = Debug|Any CPU
		{D74F0964-E21E-4A9C-9C13-07F0261C47AA}.Debug|Any CPU.Build.0 = Debug|Any CPU
		{D74F0964-E21E-4A9C-9C13-07F0261C47AA}.Release|Any CPU.ActiveCfg = Release|Any CPU
		{D74F0964-E21E-4A9C-9C13-07F0261C47AA}.Release|Any CPU.Build.0 = Release|Any CPU
		{26060BED-67A0-4F3F-8522-8CC584818C2B}.Debug|Any CPU.ActiveCfg = Debug|Any CPU
		{26060BED-67A0-4F3F-8522-8CC584818C2B}.Debug|Any CPU.Build.0 = Debug|Any CPU
		{26060BED-67A0-4F3F-8522-8CC584818C2B}.Release|Any CPU.ActiveCfg = Release|Any CPU
		{26060BED-67A0-4F3F-8522-8CC584818C2B}.Release|Any CPU.Build.0 = Release|Any CPU
		{97F4D898-DCF9-4234-A995-5A0F242ABACF}.Debug|Any CPU.ActiveCfg = Debug|Any CPU
		{97F4D898-DCF9-4234-A995-5A0F242ABACF}.Debug|Any CPU.Build.0 = Debug|Any CPU
		{97F4D898-DCF9-4234-A995-5A0F242ABACF}.Release|Any CPU.ActiveCfg = Release|Any CPU
		{97F4D898-DCF9-4234-A995-5A0F242ABACF}.Release|Any CPU.Build.0 = Release|Any CPU
	EndGlobalSection
	GlobalSection(SolutionProperties) = preSolution
		HideSolutionNode = FALSE
	EndGlobalSection
	GlobalSection(NestedProjects) = preSolution
		{9319A568-60F5-4164-AFAE-6D71FCCF75CA} = {1D0BF739-F744-4B0B-9162-78770E21A030}
		{8BFE371A-285C-4711-9217-E3A122F5E60F} = {1D0BF739-F744-4B0B-9162-78770E21A030}
		{FAB3D477-2916-43CF-B006-0D2CBECCBD24} = {1D0BF739-F744-4B0B-9162-78770E21A030}
		{045829E3-4CF6-4F71-8F82-DF419074A476} = {1D0BF739-F744-4B0B-9162-78770E21A030}
		{EA1A0BC6-5F44-4533-9D95-9E01EA9716C6} = {1D0BF739-F744-4B0B-9162-78770E21A030}
		{26060BED-67A0-4F3F-8522-8CC584818C2B} = {1D0BF739-F744-4B0B-9162-78770E21A030}
		{97F4D898-DCF9-4234-A995-5A0F242ABACF} = {1D0BF739-F744-4B0B-9162-78770E21A030}
	EndGlobalSection
	GlobalSection(ExtensibilityGlobals) = postSolution
		SolutionGuid = {67B44C3E-DC8A-4BB3-9CD4-5D81241AC7A5}
	EndGlobalSection
EndGlobal
